
Microsoft Visual Studio Solution File, Format Version 12.00
# Visual Studio Version 16
VisualStudioVersion = 16.0.29519.181
MinimumVisualStudioVersion = 10.0.40219.1
Project("{FAE04EC0-301F-11D3-BF4B-00C04F79EFBC}") = "AplikacjaOkienkowa", "AplikacjaOkienkowa\AplikacjaOkienkowa.csproj", "{DCA40E26-430D-4EA3-B59E-235AF24BB644}"
EndProject
Global
	GlobalSection(SolutionConfigurationPlatforms) = preSolution
		Debug|Any CPU = Debug|Any CPU
		Release|Any CPU = Release|Any CPU
	EndGlobalSection
	GlobalSection(ProjectConfigurationPlatforms) = postSolution
		{DCA40E26-430D-4EA3-B59E-235AF24BB644}.Debug|Any CPU.ActiveCfg = Debug|Any CPU
		{DCA40E26-430D-4EA3-B59E-235AF24BB644}.Debug|Any CPU.Build.0 = Debug|Any CPU
		{DCA40E26-430D-4EA3-B59E-235AF24BB644}.Release|Any CPU.ActiveCfg = Release|Any CPU
		{DCA40E26-430D-4EA3-B59E-235AF24BB644}.Release|Any CPU.Build.0 = Release|Any CPU
	EndGlobalSection
	GlobalSection(SolutionProperties) = preSolution
		HideSolutionNode = FALSE
	EndGlobalSection
	GlobalSection(ExtensibilityGlobals) = postSolution
		SolutionGuid = {C84BF582-33F3-4484-8520-D6A973F5A071}
	EndGlobalSection
EndGlobal
